
Microsoft Visual Studio Solution File, Format Version 12.00
# Visual Studio Version 16
VisualStudioVersion = 16.0.31911.196
MinimumVisualStudioVersion = 10.0.40219.1
Project("{FAE04EC0-301F-11D3-BF4B-00C04F79EFBC}") = "AspCoreMvc", "AspCoreMvc\AspCoreMvc.csproj", "{45854D24-3A8C-4ED6-BF03-3998E88EE1B6}"
EndProject
Global
	GlobalSection(SolutionConfigurationPlatforms) = preSolution
		Debug|Any CPU = Debug|Any CPU
		Release|Any CPU = Release|Any CPU
	EndGlobalSection
	GlobalSection(ProjectConfigurationPlatforms) = postSolution
		{45854D24-3A8C-4ED6-BF03-3998E88EE1B6}.Debug|Any CPU.ActiveCfg = Debug|Any CPU
		{45854D24-3A8C-4ED6-BF03-3998E88EE1B6}.Debug|Any CPU.Build.0 = Debug|Any CPU
		{45854D24-3A8C-4ED6-BF03-3998E88EE1B6}.Release|Any CPU.ActiveCfg = Release|Any CPU
		{45854D24-3A8C-4ED6-BF03-3998E88EE1B6}.Release|Any CPU.Build.0 = Release|Any CPU
	EndGlobalSection
	GlobalSection(SolutionProperties) = preSolution
		HideSolutionNode = FALSE
	EndGlobalSection
	GlobalSection(ExtensibilityGlobals) = postSolution
		SolutionGuid = {1B2D885A-6E46-4126-B060-E02197C68601}
	EndGlobalSection
EndGlobal
